
Microsoft Visual Studio Solution File, Format Version 12.00
# Visual Studio Version 17
VisualStudioVersion = 17.10.35013.160
MinimumVisualStudioVersion = 10.0.40219.1
Project("{FAE04EC0-301F-11D3-BF4B-00C04F79EFBC}") = "Examen SP WENDY", "Examen SP WENDY.csproj", "{50A7932C-67ED-4337-AB9B-60F82C50FD52}"
EndProject
Global
	GlobalSection(SolutionConfigurationPlatforms) = preSolution
		Debug|Any CPU = Debug|Any CPU
		Release|Any CPU = Release|Any CPU
	EndGlobalSection
	GlobalSection(ProjectConfigurationPlatforms) = postSolution
		{50A7932C-67ED-4337-AB9B-60F82C50FD52}.Debug|Any CPU.ActiveCfg = Debug|Any CPU
		{50A7932C-67ED-4337-AB9B-60F82C50FD52}.Debug|Any CPU.Build.0 = Debug|Any CPU
		{50A7932C-67ED-4337-AB9B-60F82C50FD52}.Release|Any CPU.ActiveCfg = Release|Any CPU
		{50A7932C-67ED-4337-AB9B-60F82C50FD52}.Release|Any CPU.Build.0 = Release|Any CPU
	EndGlobalSection
	GlobalSection(SolutionProperties) = preSolution
		HideSolutionNode = FALSE
	EndGlobalSection
	GlobalSection(ExtensibilityGlobals) = postSolution
		SolutionGuid = {D4BB1D72-3360-49B6-8524-C12D9BCC1821}
	EndGlobalSection
EndGlobal
